// !$*UTF8*$!
{
	archiveVersion = 1;
	classes = {
	};
	objectVersion = 55;
	objects = {

/* Begin PBXBuildFile section */
		EA23E122294C805200D39B7D /* Nunito-Bold.ttf in Resources */ = {isa = PBXBuildFile; fileRef = EA23E121294C805200D39B7D /* Nunito-Bold.ttf */; };
		EA23E124294C805B00D39B7D /* Nunito-Medium.ttf in Resources */ = {isa = PBXBuildFile; fileRef = EA23E123294C805B00D39B7D /* Nunito-Medium.ttf */; };
		EA23E126294C806400D39B7D /* Nunito-Regular.ttf in Resources */ = {isa = PBXBuildFile; fileRef = EA23E125294C806400D39B7D /* Nunito-Regular.ttf */; };
		EA8D1FA7293B44AE00F578E4 /* UIColorExtension.swift in Sources */ = {isa = PBXBuildFile; fileRef = EA8D1FA6293B44AE00F578E4 /* UIColorExtension.swift */; };
		EA978272293539A1004260C4 /* AppDelegate.swift in Sources */ = {isa = PBXBuildFile; fileRef = EA978271293539A1004260C4 /* AppDelegate.swift */; };
		EA978274293539A1004260C4 /* SceneDelegate.swift in Sources */ = {isa = PBXBuildFile; fileRef = EA978273293539A1004260C4 /* SceneDelegate.swift */; };
		EA978276293539A1004260C4 /* ViewController.swift in Sources */ = {isa = PBXBuildFile; fileRef = EA978275293539A1004260C4 /* ViewController.swift */; };
		EA978279293539A1004260C4 /* Main.storyboard in Resources */ = {isa = PBXBuildFile; fileRef = EA978277293539A1004260C4 /* Main.storyboard */; };
		EA97827C293539A1004260C4 /* Where_did_I_parked.xcdatamodeld in Sources */ = {isa = PBXBuildFile; fileRef = EA97827A293539A1004260C4 /* Where_did_I_parked.xcdatamodeld */; };
		EA97827E293539A3004260C4 /* Assets.xcassets in Resources */ = {isa = PBXBuildFile; fileRef = EA97827D293539A3004260C4 /* Assets.xcassets */; };
		EA978281293539A3004260C4 /* LaunchScreen.storyboard in Resources */ = {isa = PBXBuildFile; fileRef = EA97827F293539A3004260C4 /* LaunchScreen.storyboard */; };
		EACEA6C62936256800FA5C70 /* UIButtonExtension.swift in Sources */ = {isa = PBXBuildFile; fileRef = EACEA6C52936256800FA5C70 /* UIButtonExtension.swift */; };
/* End PBXBuildFile section */

/* Begin PBXFileReference section */
		EA23E121294C805200D39B7D /* Nunito-Bold.ttf */ = {isa = PBXFileReference; lastKnownFileType = file; path = "Nunito-Bold.ttf"; sourceTree = "<group>"; };
		EA23E123294C805B00D39B7D /* Nunito-Medium.ttf */ = {isa = PBXFileReference; lastKnownFileType = file; path = "Nunito-Medium.ttf"; sourceTree = "<group>"; };
		EA23E125294C806400D39B7D /* Nunito-Regular.ttf */ = {isa = PBXFileReference; lastKnownFileType = file; path = "Nunito-Regular.ttf"; sourceTree = "<group>"; };
		EA8D1FA6293B44AE00F578E4 /* UIColorExtension.swift */ = {isa = PBXFileReference; lastKnownFileType = sourcecode.swift; path = UIColorExtension.swift; sourceTree = "<group>"; };
		EA97826E293539A1004260C4 /* Where-did-I-parked.app */ = {isa = PBXFileReference; explicitFileType = wrapper.application; includeInIndex = 0; path = "Where-did-I-parked.app"; sourceTree = BUILT_PRODUCTS_DIR; };
		EA978271293539A1004260C4 /* AppDelegate.swift */ = {isa = PBXFileReference; lastKnownFileType = sourcecode.swift; path = AppDelegate.swift; sourceTree = "<group>"; };
		EA978273293539A1004260C4 /* SceneDelegate.swift */ = {isa = PBXFileReference; lastKnownFileType = sourcecode.swift; path = SceneDelegate.swift; sourceTree = "<group>"; };
		EA978275293539A1004260C4 /* ViewController.swift */ = {isa = PBXFileReference; lastKnownFileType = sourcecode.swift; path = ViewController.swift; sourceTree = "<group>"; };
		EA978278293539A1004260C4 /* Base */ = {isa = PBXFileReference; lastKnownFileType = file.storyboard; name = Base; path = Base.lproj/Main.storyboard; sourceTree = "<group>"; };
		EA97827B293539A1004260C4 /* Where_did_I_parked.xcdatamodel */ = {isa = PBXFileReference; lastKnownFileType = wrapper.xcdatamodel; path = Where_did_I_parked.xcdatamodel; sourceTree = "<group>"; };
		EA97827D293539A3004260C4 /* Assets.xcassets */ = {isa = PBXFileReference; lastKnownFileType = folder.assetcatalog; path = Assets.xcassets; sourceTree = "<group>"; };
		EA978280293539A3004260C4 /* Base */ = {isa = PBXFileReference; lastKnownFileType = file.storyboard; name = Base; path = Base.lproj/LaunchScreen.storyboard; sourceTree = "<group>"; };
		EA978282293539A3004260C4 /* Info.plist */ = {isa = PBXFileReference; lastKnownFileType = text.plist.xml; path = Info.plist; sourceTree = "<group>"; };
		EACEA6C52936256800FA5C70 /* UIButtonExtension.swift */ = {isa = PBXFileReference; lastKnownFileType = sourcecode.swift; path = UIButtonExtension.swift; sourceTree = "<group>"; };
/* End PBXFileReference section */

/* Begin PBXFrameworksBuildPhase section */
		EA97826B293539A1004260C4 /* Frameworks */ = {
			isa = PBXFrameworksBuildPhase;
			buildActionMask = 2147483647;
			files = (
			);
			runOnlyForDeploymentPostprocessing = 0;
		};
/* End PBXFrameworksBuildPhase section */

/* Begin PBXGroup section */
		EA23E120294C803F00D39B7D /* Fonts */ = {
			isa = PBXGroup;
			children = (
				EA23E123294C805B00D39B7D /* Nunito-Medium.ttf */,
				EA23E125294C806400D39B7D /* Nunito-Regular.ttf */,
				EA23E121294C805200D39B7D /* Nunito-Bold.ttf */,
			);
			path = Fonts;
			sourceTree = "<group>";
		};
		EA978265293539A1004260C4 = {
			isa = PBXGroup;
			children = (
				EA978270293539A1004260C4 /* Where-did-I-parked */,
				EA97826F293539A1004260C4 /* Products */,
			);
			sourceTree = "<group>";
		};
		EA97826F293539A1004260C4 /* Products */ = {
			isa = PBXGroup;
			children = (
				EA97826E293539A1004260C4 /* Where-did-I-parked.app */,
			);
			name = Products;
			sourceTree = "<group>";
		};
		EA978270293539A1004260C4 /* Where-did-I-parked */ = {
			isa = PBXGroup;
			children = (
				EA23E120294C803F00D39B7D /* Fonts */,
				EACEA6C22936253600FA5C70 /* Extensions */,
				EA978271293539A1004260C4 /* AppDelegate.swift */,
				EA978273293539A1004260C4 /* SceneDelegate.swift */,
				EACEA6C02936251E00FA5C70 /* Controller */,
				EACEA6C12936252D00FA5C70 /* View */,
				EA97827D293539A3004260C4 /* Assets.xcassets */,
				EA97827F293539A3004260C4 /* LaunchScreen.storyboard */,
				EA978282293539A3004260C4 /* Info.plist */,
				EA97827A293539A1004260C4 /* Where_did_I_parked.xcdatamodeld */,
			);
			path = "Where-did-I-parked";
			sourceTree = "<group>";
		};
		EACEA6C02936251E00FA5C70 /* Controller */ = {
			isa = PBXGroup;
			children = (
				EA978275293539A1004260C4 /* ViewController.swift */,
			);
			path = Controller;
			sourceTree = "<group>";
		};
		EACEA6C12936252D00FA5C70 /* View */ = {
			isa = PBXGroup;
			children = (
				EA978277293539A1004260C4 /* Main.storyboard */,
			);
			path = View;
			sourceTree = "<group>";
		};
		EACEA6C22936253600FA5C70 /* Extensions */ = {
			isa = PBXGroup;
			children = (
				EACEA6C52936256800FA5C70 /* UIButtonExtension.swift */,
				EA8D1FA6293B44AE00F578E4 /* UIColorExtension.swift */,
			);
			path = Extensions;
			sourceTree = "<group>";
		};
/* End PBXGroup section */

/* Begin PBXNativeTarget section */
		EA97826D293539A1004260C4 /* Where-did-I-parked */ = {
			isa = PBXNativeTarget;
			buildConfigurationList = EA978285293539A3004260C4 /* Build configuration list for PBXNativeTarget "Where-did-I-parked" */;
			buildPhases = (
				EA97826A293539A1004260C4 /* Sources */,
				EA97826B293539A1004260C4 /* Frameworks */,
				EA97826C293539A1004260C4 /* Resources */,
			);
			buildRules = (
			);
			dependencies = (
			);
			name = "Where-did-I-parked";
			productName = "Where-did-I-parked";
			productReference = EA97826E293539A1004260C4 /* Where-did-I-parked.app */;
			productType = "com.apple.product-type.application";
		};
/* End PBXNativeTarget section */

/* Begin PBXProject section */
		EA978266293539A1004260C4 /* Project object */ = {
			isa = PBXProject;
			attributes = {
				BuildIndependentTargetsInParallel = 1;
				LastSwiftUpdateCheck = 1400;
				LastUpgradeCheck = 1400;
				TargetAttributes = {
					EA97826D293539A1004260C4 = {
						CreatedOnToolsVersion = 14.0;
					};
				};
			};
			buildConfigurationList = EA978269293539A1004260C4 /* Build configuration list for PBXProject "Where-did-I-parked" */;
			compatibilityVersion = "Xcode 13.0";
			developmentRegion = en;
			hasScannedForEncodings = 0;
			knownRegions = (
				en,
				Base,
			);
			mainGroup = EA978265293539A1004260C4;
			productRefGroup = EA97826F293539A1004260C4 /* Products */;
			projectDirPath = "";
			projectRoot = "";
			targets = (
				EA97826D293539A1004260C4 /* Where-did-I-parked */,
			);
		};
/* End PBXProject section */

/* Begin PBXResourcesBuildPhase section */
		EA97826C293539A1004260C4 /* Resources */ = {
			isa = PBXResourcesBuildPhase;
			buildActionMask = 2147483647;
			files = (
				EA23E126294C806400D39B7D /* Nunito-Regular.ttf in Resources */,
				EA978281293539A3004260C4 /* LaunchScreen.storyboard in Resources */,
				EA97827E293539A3004260C4 /* Assets.xcassets in Resources */,
				EA23E122294C805200D39B7D /* Nunito-Bold.ttf in Resources */,
				EA978279293539A1004260C4 /* Main.storyboard in Resources */,
				EA23E124294C805B00D39B7D /* Nunito-Medium.ttf in Resources */,
			);
			runOnlyForDeploymentPostprocessing = 0;
		};
/* End PBXResourcesBuildPhase section */

/* Begin PBXSourcesBuildPhase section */
		EA97826A293539A1004260C4 /* Sources */ = {
			isa = PBXSourcesBuildPhase;
			buildActionMask = 2147483647;
			files = (
				EA97827C293539A1004260C4 /* Where_did_I_parked.xcdatamodeld in Sources */,
				EACEA6C62936256800FA5C70 /* UIButtonExtension.swift in Sources */,
				EA978276293539A1004260C4 /* ViewController.swift in Sources */,
				EA978272293539A1004260C4 /* AppDelegate.swift in Sources */,
				EA978274293539A1004260C4 /* SceneDelegate.swift in Sources */,
				EA8D1FA7293B44AE00F578E4 /* UIColorExtension.swift in Sources */,
			);
			runOnlyForDeploymentPostprocessing = 0;
		};
/* End PBXSourcesBuildPhase section */

/* Begin PBXVariantGroup section */
		EA978277293539A1004260C4 /* Main.storyboard */ = {
			isa = PBXVariantGroup;
			children = (
				EA978278293539A1004260C4 /* Base */,
			);
			name = Main.storyboard;
			sourceTree = "<group>";
		};
		EA97827F293539A3004260C4 /* LaunchScreen.storyboard */ = {
			isa = PBXVariantGroup;
			children = (
				EA978280293539A3004260C4 /* Base */,
			);
			name = LaunchScreen.storyboard;
			sourceTree = "<group>";
		};
/* End PBXVariantGroup section */

/* Begin XCBuildConfiguration section */
		EA978283293539A3004260C4 /* Debug */ = {
			isa = XCBuildConfiguration;
			buildSettings = {
				ALWAYS_SEARCH_USER_PATHS = NO;
				CLANG_ANALYZER_NONNULL = YES;
				CLANG_ANALYZER_NUMBER_OBJECT_CONVERSION = YES_AGGRESSIVE;
				CLANG_CXX_LANGUAGE_STANDARD = "gnu++20";
				CLANG_ENABLE_MODULES = YES;
				CLANG_ENABLE_OBJC_ARC = YES;
				CLANG_ENABLE_OBJC_WEAK = YES;
				CLANG_WARN_BLOCK_CAPTURE_AUTORELEASING = YES;
				CLANG_WARN_BOOL_CONVERSION = YES;
				CLANG_WARN_COMMA = YES;
				CLANG_WARN_CONSTANT_CONVERSION = YES;
				CLANG_WARN_DEPRECATED_OBJC_IMPLEMENTATIONS = YES;
				CLANG_WARN_DIRECT_OBJC_ISA_USAGE = YES_ERROR;
				CLANG_WARN_DOCUMENTATION_COMMENTS = YES;
				CLANG_WARN_EMPTY_BODY = YES;
				CLANG_WARN_ENUM_CONVERSION = YES;
				CLANG_WARN_INFINITE_RECURSION = YES;
				CLANG_WARN_INT_CONVERSION = YES;
				CLANG_WARN_NON_LITERAL_NULL_CONVERSION = YES;
				CLANG_WARN_OBJC_IMPLICIT_RETAIN_SELF = YES;
				CLANG_WARN_OBJC_LITERAL_CONVERSION = YES;
				CLANG_WARN_OBJC_ROOT_CLASS = YES_ERROR;
				CLANG_WARN_QUOTED_INCLUDE_IN_FRAMEWORK_HEADER = YES;
				CLANG_WARN_RANGE_LOOP_ANALYSIS = YES;
				CLANG_WARN_STRICT_PROTOTYPES = YES;
				CLANG_WARN_SUSPICIOUS_MOVE = YES;
				CLANG_WARN_UNGUARDED_AVAILABILITY = YES_AGGRESSIVE;
				CLANG_WARN_UNREACHABLE_CODE = YES;
				CLANG_WARN__DUPLICATE_METHOD_MATCH = YES;
				COPY_PHASE_STRIP = NO;
				DEBUG_INFORMATION_FORMAT = dwarf;
				ENABLE_STRICT_OBJC_MSGSEND = YES;
				ENABLE_TESTABILITY = YES;
				GCC_C_LANGUAGE_STANDARD = gnu11;
				GCC_DYNAMIC_NO_PIC = NO;
				GCC_NO_COMMON_BLOCKS = YES;
				GCC_OPTIMIZATION_LEVEL = 0;
				GCC_PREPROCESSOR_DEFINITIONS = (
					"DEBUG=1",
					"$(inherited)",
				);
				GCC_WARN_64_TO_32_BIT_CONVERSION = YES;
				GCC_WARN_ABOUT_RETURN_TYPE = YES_ERROR;
				GCC_WARN_UNDECLARED_SELECTOR = YES;
				GCC_WARN_UNINITIALIZED_AUTOS = YES_AGGRESSIVE;
				GCC_WARN_UNUSED_FUNCTION = YES;
				GCC_WARN_UNUSED_VARIABLE = YES;
				IPHONEOS_DEPLOYMENT_TARGET = 16.0;
				MTL_ENABLE_DEBUG_INFO = INCLUDE_SOURCE;
				MTL_FAST_MATH = YES;
				ONLY_ACTIVE_ARCH = YES;
				SDKROOT = iphoneos;
				SWIFT_ACTIVE_COMPILATION_CONDITIONS = DEBUG;
				SWIFT_OPTIMIZATION_LEVEL = "-Onone";
			};
			name = Debug;
		};
		EA978284293539A3004260C4 /* Release */ = {
			isa = XCBuildConfiguration;
			buildSettings = {
				ALWAYS_SEARCH_USER_PATHS = NO;
				CLANG_ANALYZER_NONNULL = YES;
				CLANG_ANALYZER_NUMBER_OBJECT_CONVERSION = YES_AGGRESSIVE;
				CLANG_CXX_LANGUAGE_STANDARD = "gnu++20";
				CLANG_ENABLE_MODULES = YES;
				CLANG_ENABLE_OBJC_ARC = YES;
				CLANG_ENABLE_OBJC_WEAK = YES;
				CLANG_WARN_BLOCK_CAPTURE_AUTORELEASING = YES;
				CLANG_WARN_BOOL_CONVERSION = YES;
				CLANG_WARN_COMMA = YES;
				CLANG_WARN_CONSTANT_CONVERSION = YES;
				CLANG_WARN_DEPRECATED_OBJC_IMPLEMENTATIONS = YES;
				CLANG_WARN_DIRECT_OBJC_ISA_USAGE = YES_ERROR;
				CLANG_WARN_DOCUMENTATION_COMMENTS = YES;
				CLANG_WARN_EMPTY_BODY = YES;
				CLANG_WARN_ENUM_CONVERSION = YES;
				CLANG_WARN_INFINITE_RECURSION = YES;
				CLANG_WARN_INT_CONVERSION = YES;
				CLANG_WARN_NON_LITERAL_NULL_CONVERSION = YES;
				CLANG_WARN_OBJC_IMPLICIT_RETAIN_SELF = YES;
				CLANG_WARN_OBJC_LITERAL_CONVERSION = YES;
				CLANG_WARN_OBJC_ROOT_CLASS = YES_ERROR;
				CLANG_WARN_QUOTED_INCLUDE_IN_FRAMEWORK_HEADER = YES;
				CLANG_WARN_RANGE_LOOP_ANALYSIS = YES;
				CLANG_WARN_STRICT_PROTOTYPES = YES;
				CLANG_WARN_SUSPICIOUS_MOVE = YES;
				CLANG_WARN_UNGUARDED_AVAILABILITY = YES_AGGRESSIVE;
				CLANG_WARN_UNREACHABLE_CODE = YES;
				CLANG_WARN__DUPLICATE_METHOD_MATCH = YES;
				COPY_PHASE_STRIP = NO;
				DEBUG_INFORMATION_FORMAT = "dwarf-with-dsym";
				ENABLE_NS_ASSERTIONS = NO;
				ENABLE_STRICT_OBJC_MSGSEND = YES;
				GCC_C_LANGUAGE_STANDARD = gnu11;
				GCC_NO_COMMON_BLOCKS = YES;
				GCC_WARN_64_TO_32_BIT_CONVERSION = YES;
				GCC_WARN_ABOUT_RETURN_TYPE = YES_ERROR;
				GCC_WARN_UNDECLARED_SELECTOR = YES;
				GCC_WARN_UNINITIALIZED_AUTOS = YES_AGGRESSIVE;
				GCC_WARN_UNUSED_FUNCTION = YES;
				GCC_WARN_UNUSED_VARIABLE = YES;
				IPHONEOS_DEPLOYMENT_TARGET = 16.0;
				MTL_ENABLE_DEBUG_INFO = NO;
				MTL_FAST_MATH = YES;
				SDKROOT = iphoneos;
				SWIFT_COMPILATION_MODE = wholemodule;
				SWIFT_OPTIMIZATION_LEVEL = "-O";
				VALIDATE_PRODUCT = YES;
			};
			name = Release;
		};
		EA978286293539A3004260C4 /* Debug */ = {
			isa = XCBuildConfiguration;
			buildSettings = {
				ASSETCATALOG_COMPILER_APPICON_NAME = AppIcon;
				ASSETCATALOG_COMPILER_GLOBAL_ACCENT_COLOR_NAME = AccentColor;
				CODE_SIGN_STYLE = Automatic;
				CURRENT_PROJECT_VERSION = 1;
				DEVELOPMENT_TEAM = R5L95383NA;
				GENERATE_INFOPLIST_FILE = YES;
				INFOPLIST_FILE = "Where-did-I-parked/Info.plist";
				INFOPLIST_KEY_CFBundleDisplayName = "Where did I parked?";
				INFOPLIST_KEY_UIApplicationSupportsIndirectInputEvents = YES;
				INFOPLIST_KEY_UILaunchStoryboardName = LaunchScreen;
				INFOPLIST_KEY_UIMainStoryboardFile = Main;
				INFOPLIST_KEY_UISupportedInterfaceOrientations = UIInterfaceOrientationPortrait;
				INFOPLIST_KEY_UISupportedInterfaceOrientations_iPad = "UIInterfaceOrientationLandscapeLeft UIInterfaceOrientationLandscapeRight UIInterfaceOrientationPortrait UIInterfaceOrientationPortraitUpsideDown";
				IPHONEOS_DEPLOYMENT_TARGET = 14.0;
				LD_RUNPATH_SEARCH_PATHS = (
					"$(inherited)",
					"@executable_path/Frameworks",
				);
				MARKETING_VERSION = 1.0;
				PRODUCT_BUNDLE_IDENTIFIER = "oldYeti.Where-did-I-parked";
				PRODUCT_NAME = "$(TARGET_NAME)";
				SWIFT_EMIT_LOC_STRINGS = YES;
				SWIFT_VERSION = 5.0;
				TARGETED_DEVICE_FAMILY = "1,2";
			};
			name = Debug;
		};
		EA978287293539A3004260C4 /* Release */ = {
			isa = XCBuildConfiguration;
			buildSettings = {
				ASSETCATALOG_COMPILER_APPICON_NAME = AppIcon;
				ASSETCATALOG_COMPILER_GLOBAL_ACCENT_COLOR_NAME = AccentColor;
				CODE_SIGN_STYLE = Automatic;
				CURRENT_PROJECT_VERSION = 1;
				DEVELOPMENT_TEAM = R5L95383NA;
				GENERATE_INFOPLIST_FILE = YES;
				INFOPLIST_FILE = "Where-did-I-parked/Info.plist";
				INFOPLIST_KEY_CFBundleDisplayName = "Where did I parked?";
				INFOPLIST_KEY_UIApplicationSupportsIndirectInputEvents = YES;
				INFOPLIST_KEY_UILaunchStoryboardName = LaunchScreen;
				INFOPLIST_KEY_UIMainStoryboardFile = Main;
				INFOPLIST_KEY_UISupportedInterfaceOrientations = UIInterfaceOrientationPortrait;
				INFOPLIST_KEY_UISupportedInterfaceOrientations_iPad = "UIInterfaceOrientationLandscapeLeft UIInterfaceOrientationLandscapeRight UIInterfaceOrientationPortrait UIInterfaceOrientationPortraitUpsideDown";
				IPHONEOS_DEPLOYMENT_TARGET = 14.0;
				LD_RUNPATH_SEARCH_PATHS = (
					"$(inherited)",
					"@executable_path/Frameworks",
				);
				MARKETING_VERSION = 1.0;
				PRODUCT_BUNDLE_IDENTIFIER = "oldYeti.Where-did-I-parked";
				PRODUCT_NAME = "$(TARGET_NAME)";
				SWIFT_EMIT_LOC_STRINGS = YES;
				SWIFT_VERSION = 5.0;
				TARGETED_DEVICE_FAMILY = "1,2";
			};
			name = Release;
		};
/* End XCBuildConfiguration section */

/* Begin XCConfigurationList section */
		EA978269293539A1004260C4 /* Build configuration list for PBXProject "Where-did-I-parked" */ = {
			isa = XCConfigurationList;
			buildConfigurations = (
				EA978283293539A3004260C4 /* Debug */,
				EA978284293539A3004260C4 /* Release */,
			);
			defaultConfigurationIsVisible = 0;
			defaultConfigurationName = Release;
		};
		EA978285293539A3004260C4 /* Build configuration list for PBXNativeTarget "Where-did-I-parked" */ = {
			isa = XCConfigurationList;
			buildConfigurations = (
				EA978286293539A3004260C4 /* Debug */,
				EA978287293539A3004260C4 /* Release */,
			);
			defaultConfigurationIsVisible = 0;
			defaultConfigurationName = Release;
		};
/* End XCConfigurationList section */

/* Begin XCVersionGroup section */
		EA97827A293539A1004260C4 /* Where_did_I_parked.xcdatamodeld */ = {
			isa = XCVersionGroup;
			children = (
				EA97827B293539A1004260C4 /* Where_did_I_parked.xcdatamodel */,
			);
			currentVersion = EA97827B293539A1004260C4 /* Where_did_I_parked.xcdatamodel */;
			path = Where_did_I_parked.xcdatamodeld;
			sourceTree = "<group>";
			versionGroupType = wrapper.xcdatamodel;
		};
/* End XCVersionGroup section */
	};
	rootObject = EA978266293539A1004260C4 /* Project object */;
}
